PODS:
  - Capacitor (7.4.4):
    - CapacitorCordova
  - CapacitorApp (7.1.0):
    - Capacitor
  - CapacitorBrowser (7.0.2):
    - Capacitor
  - CapacitorCamera (7.0.2):
    - Capacitor
  - CapacitorCordova (7.4.4)
  - CapacitorHaptics (7.0.2):
    - Capacitor
  - CapacitorLocalNotifications (7.0.3):
    - Capacitor
  - CapacitorShare (7.0.2):
    - Capacitor
  - CapacitorStatusBar (7.0.3):
    - Capacitor

DEPENDENCIES:
  - "Capacitor (from `../../node_modules/@capacitor/ios`)"
  - "CapacitorApp (from `../../node_modules/@capacitor/app`)"
  - "CapacitorBrowser (from `../../node_modules/@capacitor/browser`)"
  - "CapacitorCamera (from `../../node_modules/@capacitor/camera`)"
  - "CapacitorCordova (from `../../node_modules/@capacitor/ios`)"
  - "CapacitorHaptics (from `../../node_modules/@capacitor/haptics`)"
  - "CapacitorLocalNotifications (from `../../node_modules/@capacitor/local-notifications`)"
  - "CapacitorShare (from `../../node_modules/@capacitor/share`)"
  - "CapacitorStatusBar (from `../../node_modules/@capacitor/status-bar`)"

EXTERNAL SOURCES:
  Capacitor:
    :path: "../../node_modules/@capacitor/ios"
  CapacitorApp:
    :path: "../../node_modules/@capacitor/app"
  CapacitorBrowser:
    :path: "../../node_modules/@capacitor/browser"
  CapacitorCamera:
    :path: "../../node_modules/@capacitor/camera"
  CapacitorCordova:
    :path: "../../node_modules/@capacitor/ios"
  CapacitorHaptics:
    :path: "../../node_modules/@capacitor/haptics"
  CapacitorLocalNotifications:
    :path: "../../node_modules/@capacitor/local-notifications"
  CapacitorShare:
    :path: "../../node_modules/@capacitor/share"
  CapacitorStatusBar:
    :path: "../../node_modules/@capacitor/status-bar"

SPEC CHECKSUMS:
  Capacitor: 09d9ff8e9618e8c4b3cab2bbee34a17215dd2fef
  CapacitorApp: 846d4b4a1dbb19dd1e9029c08ba6f028aa7be862
  CapacitorBrowser: 45c681e7abc3b4384e54eb52bafeef1347d98fa8
  CapacitorCamera: 6e18d54c8ab30d7dc7b8cd93d96f9b4f57e9202a
  CapacitorCordova: bf648a636f3c153f652d312ae145fb508b6ffced
  CapacitorHaptics: 09d96bcb5a2b74ede8fd039b4cdf58fc43dcacf1
  CapacitorLocalNotifications: a57a6ff87c1f69a00598f9b97cf52eba8f9ff867
  CapacitorShare: 051c3ceee0ddf3bb54574851a622bbb317eed5bd
  CapacitorStatusBar: 7d8fcbd6768db014bd721d75e246590b014928e8

PODFILE CHECKSUM: e4a0500e47e5153f59f11f54de768ee03bb83cf7

COCOAPODS: 1.16.2
